{
  "requires": true,
  "lockfileVersion": 1,
  "dependencies": {
    "node-fetch": {
      "version": "2.6.1",
      "resolved": "https://registry.npmjs.org/node-fetch/-/node-fetch-2.6.1.tgz",
      "integrity": "sha512-V4aYg89jEoVRxRb2fJdAg8FHvI7cEyYdVAh94HH0UIK8oJxUfkjlDQN9RbMx+bEjP7+ggMiFRprSti032Oipxw=="
    },
    "splashcii": {
      "version": "1.1.1",
      "resolved": "https://registry.npmjs.org/splashcii/-/splashcii-1.1.1.tgz",
      "integrity": "sha512-wy3fxjy4gealKW4iYn8PNdTXQeazhHMPHbwFI3hY8LYDssFzuekBIzsoVJ53SuXKhGlq2isZdEyYLvLRLF2T4A==",
      "requires": {
        "node-fetch": "^2.6.1"
      }
    }
  }
}
